// !$*UTF8*$!
{
	archiveVersion = 1;
	classes = {
	};
	objectVersion = 50;
	objects = {

/* Begin PBXBuildFile section */
		F2277FF72188AF4E0049CF62 /* AppDelegate.swift in Sources */ = {isa = PBXBuildFile; fileRef = F2277FF62188AF4E0049CF62 /* AppDelegate.swift */; };
		F2277FF92188AF4E0049CF62 /* ViewController.swift in Sources */ = {isa = PBXBuildFile; fileRef = F2277FF82188AF4E0049CF62 /* ViewController.swift */; };
		F2277FFC2188AF4E0049CF62 /* Main.storyboard in Resources */ = {isa = PBXBuildFile; fileRef = F2277FFA2188AF4E0049CF62 /* Main.storyboard */; };
		F2277FFF2188AF4E0049CF62 /* SketchCollage.xcdatamodeld in Sources */ = {isa = PBXBuildFile; fileRef = F2277FFD2188AF4E0049CF62 /* SketchCollage.xcdatamodeld */; };
		F22780012188AF510049CF62 /* Assets.xcassets in Resources */ = {isa = PBXBuildFile; fileRef = F22780002188AF510049CF62 /* Assets.xcassets */; };
		F22780042188AF510049CF62 /* LaunchScreen.storyboard in Resources */ = {isa = PBXBuildFile; fileRef = F22780022188AF510049CF62 /* LaunchScreen.storyboard */; };
		F227800F2188AF510049CF62 /* SketchCollageTests.swift in Sources */ = {isa = PBXBuildFile; fileRef = F227800E2188AF510049CF62 /* SketchCollageTests.swift */; };
		F227801A2188AF510049CF62 /* SketchCollageUITests.swift in Sources */ = {isa = PBXBuildFile; fileRef = F22780192188AF510049CF62 /* SketchCollageUITests.swift */; };
		F22780282188B0E30049CF62 /* HomeViewController.swift in Sources */ = {isa = PBXBuildFile; fileRef = F22780272188B0E30049CF62 /* HomeViewController.swift */; };
		F227802B2188B1FF0049CF62 /* Theme.swift in Sources */ = {isa = PBXBuildFile; fileRef = F227802A2188B1FF0049CF62 /* Theme.swift */; };
		F22780332188C2BC0049CF62 /* HotKeysViewController.swift in Sources */ = {isa = PBXBuildFile; fileRef = F22780322188C2BC0049CF62 /* HotKeysViewController.swift */; };
		F22780352188C2CD0049CF62 /* HotKeysView.swift in Sources */ = {isa = PBXBuildFile; fileRef = F22780342188C2CD0049CF62 /* HotKeysView.swift */; };
		F22780372188C2DB0049CF62 /* HotKeysPresenter.swift in Sources */ = {isa = PBXBuildFile; fileRef = F22780362188C2DB0049CF62 /* HotKeysPresenter.swift */; };
		F22780392188C2E90049CF62 /* HotKeysModel.swift in Sources */ = {isa = PBXBuildFile; fileRef = F22780382188C2E90049CF62 /* HotKeysModel.swift */; };
		F227803C2188CD8C0049CF62 /* HotKeysCell.swift in Sources */ = {isa = PBXBuildFile; fileRef = F227803A2188CD8C0049CF62 /* HotKeysCell.swift */; };
		F227803D2188CD8C0049CF62 /* HotKeysCell.xib in Resources */ = {isa = PBXBuildFile; fileRef = F227803B2188CD8C0049CF62 /* HotKeysCell.xib */; };
		F2978B45218F28920052693F /* APIManager.swift in Sources */ = {isa = PBXBuildFile; fileRef = F2978B44218F28920052693F /* APIManager.swift */; };
		F2978B7C219076BF0052693F /* SWGlobalStruct.swift in Sources */ = {isa = PBXBuildFile; fileRef = F2978B47219076BF0052693F /* SWGlobalStruct.swift */; };
		F2978B7D219076BF0052693F /* SWMultiButtonView.swift in Sources */ = {isa = PBXBuildFile; fileRef = F2978B48219076BF0052693F /* SWMultiButtonView.swift */; };
		F2978B7E219076BF0052693F /* SWGridView.swift in Sources */ = {isa = PBXBuildFile; fileRef = F2978B49219076BF0052693F /* SWGridView.swift */; };
		F2978B7F219076BF0052693F /* SWButton.swift in Sources */ = {isa = PBXBuildFile; fileRef = F2978B4A219076BF0052693F /* SWButton.swift */; };
		F2978B80219076BF0052693F /* SWTimerManager.swift in Sources */ = {isa = PBXBuildFile; fileRef = F2978B4B219076BF0052693F /* SWTimerManager.swift */; };
		F2978B81219076BF0052693F /* EvaluateStarView.xib in Resources */ = {isa = PBXBuildFile; fileRef = F2978B4D219076BF0052693F /* EvaluateStarView.xib */; };
		F2978B82219076BF0052693F /* EvaluateStarView.swift in Sources */ = {isa = PBXBuildFile; fileRef = F2978B4E219076BF0052693F /* EvaluateStarView.swift */; };
		F2978B83219076BF0052693F /* UIImage+Extension.swift in Sources */ = {isa = PBXBuildFile; fileRef = F2978B4F219076BF0052693F /* UIImage+Extension.swift */; };
		F2978B84219076BF0052693F /* SWWebUrl.swift in Sources */ = {isa = PBXBuildFile; fileRef = F2978B50219076BF0052693F /* SWWebUrl.swift */; };
		F2978B85219076BF0052693F /* SWPlayerMaskView.swift in Sources */ = {isa = PBXBuildFile; fileRef = F2978B51219076BF0052693F /* SWPlayerMaskView.swift */; };
		F2978B86219076BF0052693F /* SWCellReuseIdentifier.swift in Sources */ = {isa = PBXBuildFile; fileRef = F2978B52219076BF0052693F /* SWCellReuseIdentifier.swift */; };
		F2978B87219076BF0052693F /* SWProtocols.swift in Sources */ = {isa = PBXBuildFile; fileRef = F2978B53219076BF0052693F /* SWProtocols.swift */; };
		F2978B88219076BF0052693F /* SWBaseControls.swift in Sources */ = {isa = PBXBuildFile; fileRef = F2978B54219076BF0052693F /* SWBaseControls.swift */; };
		F2978B89219076BF0052693F /* UIViewController+Extension.swift in Sources */ = {isa = PBXBuildFile; fileRef = F2978B55219076BF0052693F /* UIViewController+Extension.swift */; };
		F2978B8A219076BF0052693F /* SWString.swift in Sources */ = {isa = PBXBuildFile; fileRef = F2978B56219076BF0052693F /* SWString.swift */; };
		F2978B8B219076BF0052693F /* SWTipButton.swift in Sources */ = {isa = PBXBuildFile; fileRef = F2978B57219076BF0052693F /* SWTipButton.swift */; };
		F2978B8C219076BF0052693F /* SWDeviceModelManager.swift in Sources */ = {isa = PBXBuildFile; fileRef = F2978B58219076BF0052693F /* SWDeviceModelManager.swift */; };
		F2978B8D219076BF0052693F /* SWGlobalConfig.swift in Sources */ = {isa = PBXBuildFile; fileRef = F2978B59219076BF0052693F /* SWGlobalConfig.swift */; };
		F2978B8E219076BF0052693F /* SWPopUpsSucceedView.xib in Resources */ = {isa = PBXBuildFile; fileRef = F2978B5B219076BF0052693F /* SWPopUpsSucceedView.xib */; };
		F2978B8F219076BF0052693F /* SWPopUpsContainerViewController.swift in Sources */ = {isa = PBXBuildFile; fileRef = F2978B5C219076BF0052693F /* SWPopUpsContainerViewController.swift */; };
		F2978B90219076BF0052693F /* SWPopUpsSucceedView.swift in Sources */ = {isa = PBXBuildFile; fileRef = F2978B5D219076BF0052693F /* SWPopUpsSucceedView.swift */; };
		F2978B91219076BF0052693F /* SWPopUpsContainerViewController.storyboard in Resources */ = {isa = PBXBuildFile; fileRef = F2978B5E219076BF0052693F /* SWPopUpsContainerViewController.storyboard */; };
		F2978B92219076BF0052693F /* SWLabel.swift in Sources */ = {isa = PBXBuildFile; fileRef = F2978B5F219076BF0052693F /* SWLabel.swift */; };
		F2978B93219076BF0052693F /* SWFlowLayoutButtonView.swift in Sources */ = {isa = PBXBuildFile; fileRef = F2978B60219076BF0052693F /* SWFlowLayoutButtonView.swift */; };
		F2978B94219076BF0052693F /* SWFormatValidManager.swift in Sources */ = {isa = PBXBuildFile; fileRef = F2978B61219076BF0052693F /* SWFormatValidManager.swift */; };
		F2978B95219076BF0052693F /* SWUploadImageModel.swift in Sources */ = {isa = PBXBuildFile; fileRef = F2978B63219076BF0052693F /* SWUploadImageModel.swift */; };
		F2978B96219076BF0052693F /* SWCommentPresenter.swift in Sources */ = {isa = PBXBuildFile; fileRef = F2978B64219076BF0052693F /* SWCommentPresenter.swift */; };
		F2978B97219076BF0052693F /* GWLPhotoLibrayController.m in Sources */ = {isa = PBXBuildFile; fileRef = F2978B66219076BF0052693F /* GWLPhotoLibrayController.m */; };
		F2978B98219076BF0052693F /* GWLPhotoGroupTableViewController.m in Sources */ = {isa = PBXBuildFile; fileRef = F2978B69219076BF0052693F /* GWLPhotoGroupTableViewController.m */; };
		F2978B99219076BF0052693F /* GWLPhotoSelector.bundle in Resources */ = {isa = PBXBuildFile; fileRef = F2978B6C219076BF0052693F /* GWLPhotoSelector.bundle */; };
		F2978B9A219076BF0052693F /* GWLPhotoGroupDetailController.m in Sources */ = {isa = PBXBuildFile; fileRef = F2978B6D219076BF0052693F /* GWLPhotoGroupDetailController.m */; };
		F2978B9B219076BF0052693F /* SWTextViewCell.xib in Resources */ = {isa = PBXBuildFile; fileRef = F2978B6E219076BF0052693F /* SWTextViewCell.xib */; };
		F2978B9C219076BF0052693F /* SWImagesTableCell.swift in Sources */ = {isa = PBXBuildFile; fileRef = F2978B6F219076BF0052693F /* SWImagesTableCell.swift */; };
		F2978B9D219076BF0052693F /* SWTextViewCell.swift in Sources */ = {isa = PBXBuildFile; fileRef = F2978B70219076BF0052693F /* SWTextViewCell.swift */; };
		F2978B9E219076BF0052693F /* SWCommentTitleCell.swift in Sources */ = {isa = PBXBuildFile; fileRef = F2978B71219076BF0052693F /* SWCommentTitleCell.swift */; };
		F2978B9F219076BF0052693F /* SWCommentViewController.swift in Sources */ = {isa = PBXBuildFile; fileRef = F2978B72219076BF0052693F /* SWCommentViewController.swift */; };
		F2978BA0219076BF0052693F /* SWCommentView.swift in Sources */ = {isa = PBXBuildFile; fileRef = F2978B73219076BF0052693F /* SWCommentView.swift */; };
		F2978BA1219076BF0052693F /* SWCommentTitleCell.xib in Resources */ = {isa = PBXBuildFile; fileRef = F2978B74219076BF0052693F /* SWCommentTitleCell.xib */; };
		F2978BA2219076BF0052693F /* SWImagesTableCell.xib in Resources */ = {isa = PBXBuildFile; fileRef = F2978B75219076BF0052693F /* SWImagesTableCell.xib */; };
		F2978BA3219076BF0052693F /* SWGlobalTypealias.swift in Sources */ = {isa = PBXBuildFile; fileRef = F2978B76219076BF0052693F /* SWGlobalTypealias.swift */; };
		F2978BA4219076BF0052693F /* SWAlertViewController.swift in Sources */ = {isa = PBXBuildFile; fileRef = F2978B77219076BF0052693F /* SWAlertViewController.swift */; };
		F2978BA5219076BF0052693F /* SWImagePickerManager.swift in Sources */ = {isa = PBXBuildFile; fileRef = F2978B79219076BF0052693F /* SWImagePickerManager.swift */; };
		F2978BA6219076BF0052693F /* SWPhotosManager.swift in Sources */ = {isa = PBXBuildFile; fileRef = F2978B7A219076BF0052693F /* SWPhotosManager.swift */; };
		F2978BA7219076BF0052693F /* SWView.swift in Sources */ = {isa = PBXBuildFile; fileRef = F2978B7B219076BF0052693F /* SWView.swift */; };
		F2978BB121907CA80052693F /* UIButton+ClosureButton.swift in Sources */ = {isa = PBXBuildFile; fileRef = F2978BA921907CA80052693F /* UIButton+ClosureButton.swift */; };
		F2978BB221907CA80052693F /* UIColor+cmColor.swift in Sources */ = {isa = PBXBuildFile; fileRef = F2978BAA21907CA80052693F /* UIColor+cmColor.swift */; };
		F2978BB321907CA80052693F /* SWTapRecognizer.swift in Sources */ = {isa = PBXBuildFile; fileRef = F2978BAC21907CA80052693F /* SWTapRecognizer.swift */; };
		F2978BB421907CA80052693F /* String+filtrationString.swift in Sources */ = {isa = PBXBuildFile; fileRef = F2978BAD21907CA80052693F /* String+filtrationString.swift */; };
		F2978BB521907CA80052693F /* NSDate+DateToString.swift in Sources */ = {isa = PBXBuildFile; fileRef = F2978BAE21907CA80052693F /* NSDate+DateToString.swift */; };
		F2978BB621907CA80052693F /* UIImage+getImage.m in Sources */ = {isa = PBXBuildFile; fileRef = F2978BAF21907CA80052693F /* UIImage+getImage.m */; };
		F2978BB721907CA80052693F /* UILabel+Layer.swift in Sources */ = {isa = PBXBuildFile; fileRef = F2978BB021907CA80052693F /* UILabel+Layer.swift */; };
		F2978BC02190801F0052693F /* SWGlobalIdentifier.swift in Sources */ = {isa = PBXBuildFile; fileRef = F2978BB92190801F0052693F /* SWGlobalIdentifier.swift */; };
		F2978BC12190801F0052693F /* BaseTabBarController.swift in Sources */ = {isa = PBXBuildFile; fileRef = F2978BBA2190801F0052693F /* BaseTabBarController.swift */; };
		F2978BC22190801F0052693F /* BaseViewController.swift in Sources */ = {isa = PBXBuildFile; fileRef = F2978BBB2190801F0052693F /* BaseViewController.swift */; };
		F2978BC32190801F0052693F /* FilePath.swift in Sources */ = {isa = PBXBuildFile; fileRef = F2978BBD2190801F0052693F /* FilePath.swift */; };
		F2978BC42190801F0052693F /* BaseNavigationController.swift in Sources */ = {isa = PBXBuildFile; fileRef = F2978BBE2190801F0052693F /* BaseNavigationController.swift */; };
		F914EBAB7B60C43E081B37AC /* Pods_SketchCollage.framework in Frameworks */ = {isa = PBXBuildFile; fileRef = A0DAC5FE58ED867272283FA5 /* Pods_SketchCollage.framework */; };
/* End PBXBuildFile section */

/* Begin PBXContainerItemProxy section */
		F227800B2188AF510049CF62 /* PBXContainerItemProxy */ = {
			isa = PBXContainerItemProxy;
			containerPortal = F2277FEB2188AF4D0049CF62 /* Project object */;
			proxyType = 1;
			remoteGlobalIDString = F2277FF22188AF4E0049CF62;
			remoteInfo = SketchCollage;
		};
		F22780162188AF510049CF62 /* PBXContainerItemProxy */ = {
			isa = PBXContainerItemProxy;
			containerPortal = F2277FEB2188AF4D0049CF62 /* Project object */;
			proxyType = 1;
			remoteGlobalIDString = F2277FF22188AF4E0049CF62;
			remoteInfo = SketchCollage;
		};
/* End PBXContainerItemProxy section */

/* Begin PBXFileReference section */
		9EA9541381BAF0949CAA019A /* Pods-SketchCollage.release.xcconfig */ = {isa = PBXFileReference; includeInIndex = 1; lastKnownFileType = text.xcconfig; name = "Pods-SketchCollage.release.xcconfig"; path = "Pods/Target Support Files/Pods-SketchCollage/Pods-SketchCollage.release.xcconfig"; sourceTree = "<group>"; };
		A0DAC5FE58ED867272283FA5 /* Pods_SketchCollage.framework */ = {isa = PBXFileReference; explicitFileType = wrapper.framework; includeInIndex = 0; path = Pods_SketchCollage.framework; sourceTree = BUILT_PRODUCTS_DIR; };
		D263ECEB7CDCAA4BBFED4A62 /* Pods-SketchCollage.debug.xcconfig */ = {isa = PBXFileReference; includeInIndex = 1; lastKnownFileType = text.xcconfig; name = "Pods-SketchCollage.debug.xcconfig"; path = "Pods/Target Support Files/Pods-SketchCollage/Pods-SketchCollage.debug.xcconfig"; sourceTree = "<group>"; };
		F2277FF32188AF4E0049CF62 /* SketchCollage.app */ = {isa = PBXFileReference; explicitFileType = wrapper.application; includeInIndex = 0; path = SketchCollage.app; sourceTree = BUILT_PRODUCTS_DIR; };
		F2277FF62188AF4E0049CF62 /* AppDelegate.swift */ = {isa = PBXFileReference; lastKnownFileType = sourcecode.swift; path = AppDelegate.swift; sourceTree = "<group>"; };
		F2277FF82188AF4E0049CF62 /* ViewController.swift */ = {isa = PBXFileReference; lastKnownFileType = sourcecode.swift; path = ViewController.swift; sourceTree = "<group>"; };
		F2277FFB2188AF4E0049CF62 /* Base */ = {isa = PBXFileReference; lastKnownFileType = file.storyboard; name = Base; path = Base.lproj/Main.storyboard; sourceTree = "<group>"; };
		F2277FFE2188AF4E0049CF62 /* SketchCollage.xcdatamodel */ = {isa = PBXFileReference; lastKnownFileType = wrapper.xcdatamodel; path = SketchCollage.xcdatamodel; sourceTree = "<group>"; };
		F22780002188AF510049CF62 /* Assets.xcassets */ = {isa = PBXFileReference; lastKnownFileType = folder.assetcatalog; path = Assets.xcassets; sourceTree = "<group>"; };
		F22780032188AF510049CF62 /* Base */ = {isa = PBXFileReference; lastKnownFileType = file.storyboard; name = Base; path = Base.lproj/LaunchScreen.storyboard; sourceTree = "<group>"; };
		F22780052188AF510049CF62 /* Info.plist */ = {isa = PBXFileReference; lastKnownFileType = text.plist.xml; path = Info.plist; sourceTree = "<group>"; };
		F227800A2188AF510049CF62 /* SketchCollageTests.xctest */ = {isa = PBXFileReference; explicitFileType = wrapper.cfbundle; includeInIndex = 0; path = SketchCollageTests.xctest; sourceTree = BUILT_PRODUCTS_DIR; };
		F227800E2188AF510049CF62 /* SketchCollageTests.swift */ = {isa = PBXFileReference; lastKnownFileType = sourcecode.swift; path = SketchCollageTests.swift; sourceTree = "<group>"; };
		F22780102188AF510049CF62 /* Info.plist */ = {isa = PBXFileReference; lastKnownFileType = text.plist.xml; path = Info.plist; sourceTree = "<group>"; };
		F22780152188AF510049CF62 /* SketchCollageUITests.xctest */ = {isa = PBXFileReference; explicitFileType = wrapper.cfbundle; includeInIndex = 0; path = SketchCollageUITests.xctest; sourceTree = BUILT_PRODUCTS_DIR; };
		F22780192188AF510049CF62 /* SketchCollageUITests.swift */ = {isa = PBXFileReference; lastKnownFileType = sourcecode.swift; path = SketchCollageUITests.swift; sourceTree = "<group>"; };
		F227801B2188AF510049CF62 /* Info.plist */ = {isa = PBXFileReference; lastKnownFileType = text.plist.xml; path = Info.plist; sourceTree = "<group>"; };
		F22780272188B0E30049CF62 /* HomeViewController.swift */ = {isa = PBXFileReference; lastKnownFileType = sourcecode.swift; path = HomeViewController.swift; sourceTree = "<group>"; };
		F227802A2188B1FF0049CF62 /* Theme.swift */ = {isa = PBXFileReference; lastKnownFileType = sourcecode.swift; path = Theme.swift; sourceTree = "<group>"; };
		F227802C2188B7470049CF62 /* SketchCollage-Header.h */ = {isa = PBXFileReference; lastKnownFileType = sourcecode.c.h; path = "SketchCollage-Header.h"; sourceTree = "<group>"; };
		F22780322188C2BC0049CF62 /* HotKeysViewController.swift */ = {isa = PBXFileReference; lastKnownFileType = sourcecode.swift; path = HotKeysViewController.swift; sourceTree = "<group>"; };
		F22780342188C2CD0049CF62 /* HotKeysView.swift */ = {isa = PBXFileReference; lastKnownFileType = sourcecode.swift; path = HotKeysView.swift; sourceTree = "<group>"; };
		F22780362188C2DB0049CF62 /* HotKeysPresenter.swift */ = {isa = PBXFileReference; lastKnownFileType = sourcecode.swift; path = HotKeysPresenter.swift; sourceTree = "<group>"; };
		F22780382188C2E90049CF62 /* HotKeysModel.swift */ = {isa = PBXFileReference; lastKnownFileType = sourcecode.swift; path = HotKeysModel.swift; sourceTree = "<group>"; };
		F227803A2188CD8C0049CF62 /* HotKeysCell.swift */ = {isa = PBXFileReference; lastKnownFileType = sourcecode.swift; path = HotKeysCell.swift; sourceTree = "<group>"; };
		F227803B2188CD8C0049CF62 /* HotKeysCell.xib */ = {isa = PBXFileReference; lastKnownFileType = file.xib; path = HotKeysCell.xib; sourceTree = "<group>"; };
		F2978B44218F28920052693F /* APIManager.swift */ = {isa = PBXFileReference; lastKnownFileType = sourcecode.swift; path = APIManager.swift; sourceTree = "<group>"; };
		F2978B47219076BF0052693F /* SWGlobalStruct.swift */ = {isa = PBXFileReference; fileEncoding = 4; lastKnownFileType = sourcecode.swift; path = SWGlobalStruct.swift; sourceTree = "<group>"; };
		F2978B48219076BF0052693F /* SWMultiButtonView.swift */ = {isa = PBXFileReference; fileEncoding = 4; lastKnownFileType = sourcecode.swift; path = SWMultiButtonView.swift; sourceTree = "<group>"; };
		F2978B49219076BF0052693F /* SWGridView.swift */ = {isa = PBXFileReference; fileEncoding = 4; lastKnownFileType = sourcecode.swift; path = SWGridView.swift; sourceTree = "<group>"; };
		F2978B4A219076BF0052693F /* SWButton.swift */ = {isa = PBXFileReference; fileEncoding = 4; lastKnownFileType = sourcecode.swift; path = SWButton.swift; sourceTree = "<group>"; };
		F2978B4B219076BF0052693F /* SWTimerManager.swift */ = {isa = PBXFileReference; fileEncoding = 4; lastKnownFileType = sourcecode.swift; path = SWTimerManager.swift; sourceTree = "<group>"; };
		F2978B4D219076BF0052693F /* EvaluateStarView.xib */ = {isa = PBXFileReference; fileEncoding = 4; lastKnownFileType = file.xib; path = EvaluateStarView.xib; sourceTree = "<group>"; };
		F2978B4E219076BF0052693F /* EvaluateStarView.swift */ = {isa = PBXFileReference; fileEncoding = 4; lastKnownFileType = sourcecode.swift; path = EvaluateStarView.swift; sourceTree = "<group>"; };
		F2978B4F219076BF0052693F /* UIImage+Extension.swift */ = {isa = PBXFileReference; fileEncoding = 4; lastKnownFileType = sourcecode.swift; path = "UIImage+Extension.swift"; sourceTree = "<group>"; };
		F2978B50219076BF0052693F /* SWWebUrl.swift */ = {isa = PBXFileReference; fileEncoding = 4; lastKnownFileType = sourcecode.swift; path = SWWebUrl.swift; sourceTree = "<group>"; };
		F2978B51219076BF0052693F /* SWPlayerMaskView.swift */ = {isa = PBXFileReference; fileEncoding = 4; lastKnownFileType = sourcecode.swift; path = SWPlayerMaskView.swift; sourceTree = "<group>"; };
		F2978B52219076BF0052693F /* SWCellReuseIdentifier.swift */ = {isa = PBXFileReference; fileEncoding = 4; lastKnownFileType = sourcecode.swift; path = SWCellReuseIdentifier.swift; sourceTree = "<group>"; };
		F2978B53219076BF0052693F /* SWProtocols.swift */ = {isa = PBXFileReference; fileEncoding = 4; lastKnownFileType = sourcecode.swift; path = SWProtocols.swift; sourceTree = "<group>"; };
		F2978B54219076BF0052693F /* SWBaseControls.swift */ = {isa = PBXFileReference; fileEncoding = 4; lastKnownFileType = sourcecode.swift; path = SWBaseControls.swift; sourceTree = "<group>"; };
		F2978B55219076BF0052693F /* UIViewController+Extension.swift */ = {isa = PBXFileReference; fileEncoding = 4; lastKnownFileType = sourcecode.swift; path = "UIViewController+Extension.swift"; sourceTree = "<group>"; };
		F2978B56219076BF0052693F /* SWString.swift */ = {isa = PBXFileReference; fileEncoding = 4; lastKnownFileType = sourcecode.swift; path = SWString.swift; sourceTree = "<group>"; };
		F2978B57219076BF0052693F /* SWTipButton.swift */ = {isa = PBXFileReference; fileEncoding = 4; lastKnownFileType = sourcecode.swift; path = SWTipButton.swift; sourceTree = "<group>"; };
		F2978B58219076BF0052693F /* SWDeviceModelManager.swift */ = {isa = PBXFileReference; fileEncoding = 4; lastKnownFileType = sourcecode.swift; path = SWDeviceModelManager.swift; sourceTree = "<group>"; };
		F2978B59219076BF0052693F /* SWGlobalConfig.swift */ = {isa = PBXFileReference; fileEncoding = 4; lastKnownFileType = sourcecode.swift; path = SWGlobalConfig.swift; sourceTree = "<group>"; };
		F2978B5B219076BF0052693F /* SWPopUpsSucceedView.xib */ = {isa = PBXFileReference; fileEncoding = 4; lastKnownFileType = file.xib; path = SWPopUpsSucceedView.xib; sourceTree = "<group>"; };
		F2978B5C219076BF0052693F /* SWPopUpsContainerViewController.swift */ = {isa = PBXFileReference; fileEncoding = 4; lastKnownFileType = sourcecode.swift; path = SWPopUpsContainerViewController.swift; sourceTree = "<group>"; };
		F2978B5D219076BF0052693F /* SWPopUpsSucceedView.swift */ = {isa = PBXFileReference; fileEncoding = 4; lastKnownFileType = sourcecode.swift; path = SWPopUpsSucceedView.swift; sourceTree = "<group>"; };
		F2978B5E219076BF0052693F /* SWPopUpsContainerViewController.storyboard */ = {isa = PBXFileReference; fileEncoding = 4; lastKnownFileType = file.storyboard; path = SWPopUpsContainerViewController.storyboard; sourceTree = "<group>"; };
		F2978B5F219076BF0052693F /* SWLabel.swift */ = {isa = PBXFileReference; fileEncoding = 4; lastKnownFileType = sourcecode.swift; path = SWLabel.swift; sourceTree = "<group>"; };
		F2978B60219076BF0052693F /* SWFlowLayoutButtonView.swift */ = {isa = PBXFileReference; fileEncoding = 4; lastKnownFileType = sourcecode.swift; path = SWFlowLayoutButtonView.swift; sourceTree = "<group>"; };
		F2978B61219076BF0052693F /* SWFormatValidManager.swift */ = {isa = PBXFileReference; fileEncoding = 4; lastKnownFileType = sourcecode.swift; path = SWFormatValidManager.swift; sourceTree = "<group>"; };
		F2978B63219076BF0052693F /* SWUploadImageModel.swift */ = {isa = PBXFileReference; fileEncoding = 4; lastKnownFileType = sourcecode.swift; path = SWUploadImageModel.swift; sourceTree = "<group>"; };
		F2978B64219076BF0052693F /* SWCommentPresenter.swift */ = {isa = PBXFileReference; fileEncoding = 4; lastKnownFileType = sourcecode.swift; path = SWCommentPresenter.swift; sourceTree = "<group>"; };
		F2978B66219076BF0052693F /* GWLPhotoLibrayController.m */ = {isa = PBXFileReference; fileEncoding = 4; lastKnownFileType = sourcecode.c.objc; path = GWLPhotoLibrayController.m; sourceTree = "<group>"; };
		F2978B67219076BF0052693F /* GWLPhotoGroupTableViewController.h */ = {isa = PBXFileReference; fileEncoding = 4; lastKnownFileType = sourcecode.c.h; path = GWLPhotoGroupTableViewController.h; sourceTree = "<group>"; };
		F2978B68219076BF0052693F /* GWLPhotoGroupDetailController.h */ = {isa = PBXFileReference; fileEncoding = 4; lastKnownFileType = sourcecode.c.h; path = GWLPhotoGroupDetailController.h; sourceTree = "<group>"; };
		F2978B69219076BF0052693F /* GWLPhotoGroupTableViewController.m */ = {isa = PBXFileReference; fileEncoding = 4; lastKnownFileType = sourcecode.c.objc; path = GWLPhotoGroupTableViewController.m; sourceTree = "<group>"; };
		F2978B6A219076BF0052693F /* GWLPhotoLibrayController.h */ = {isa = PBXFileReference; fileEncoding = 4; lastKnownFileType = sourcecode.c.h; path = GWLPhotoLibrayController.h; sourceTree = "<group>"; };
		F2978B6B219076BF0052693F /* GWLPhotoSelectorHeader.h */ = {isa = PBXFileReference; fileEncoding = 4; lastKnownFileType = sourcecode.c.h; path = GWLPhotoSelectorHeader.h; sourceTree = "<group>"; };
		F2978B6C219076BF0052693F /* GWLPhotoSelector.bundle */ = {isa = PBXFileReference; lastKnownFileType = "wrapper.plug-in"; path = GWLPhotoSelector.bundle; sourceTree = "<group>"; };
		F2978B6D219076BF0052693F /* GWLPhotoGroupDetailController.m */ = {isa = PBXFileReference; fileEncoding = 4; lastKnownFileType = sourcecode.c.objc; path = GWLPhotoGroupDetailController.m; sourceTree = "<group>"; };
		F2978B6E219076BF0052693F /* SWTextViewCell.xib */ = {isa = PBXFileReference; fileEncoding = 4; lastKnownFileType = file.xib; path = SWTextViewCell.xib; sourceTree = "<group>"; };
		F2978B6F219076BF0052693F /* SWImagesTableCell.swift */ = {isa = PBXFileReference; fileEncoding = 4; lastKnownFileType = sourcecode.swift; path = SWImagesTableCell.swift; sourceTree = "<group>"; };
		F2978B70219076BF0052693F /* SWTextViewCell.swift */ = {isa = PBXFileReference; fileEncoding = 4; lastKnownFileType = sourcecode.swift; path = SWTextViewCell.swift; sourceTree = "<group>"; };
		F2978B71219076BF0052693F /* SWCommentTitleCell.swift */ = {isa = PBXFileReference; fileEncoding = 4; lastKnownFileType = sourcecode.swift; path = SWCommentTitleCell.swift; sourceTree = "<group>"; };
		F2978B72219076BF0052693F /* SWCommentViewController.swift */ = {isa = PBXFileReference; fileEncoding = 4; lastKnownFileType = sourcecode.swift; path = SWCommentViewController.swift; sourceTree = "<group>"; };
		F2978B73219076BF0052693F /* SWCommentView.swift */ = {isa = PBXFileReference; fileEncoding = 4; lastKnownFileType = sourcecode.swift; path = SWCommentView.swift; sourceTree = "<group>"; };
		F2978B74219076BF0052693F /* SWCommentTitleCell.xib */ = {isa = PBXFileReference; fileEncoding = 4; lastKnownFileType = file.xib; path = SWCommentTitleCell.xib; sourceTree = "<group>"; };
		F2978B75219076BF0052693F /* SWImagesTableCell.xib */ = {isa = PBXFileReference; fileEncoding = 4; lastKnownFileType = file.xib; path = SWImagesTableCell.xib; sourceTree = "<group>"; };
		F2978B76219076BF0052693F /* SWGlobalTypealias.swift */ = {isa = PBXFileReference; fileEncoding = 4; lastKnownFileType = sourcecode.swift; path = SWGlobalTypealias.swift; sourceTree = "<group>"; };
		F2978B77219076BF0052693F /* SWAlertViewController.swift */ = {isa = PBXFileReference; fileEncoding = 4; lastKnownFileType = sourcecode.swift; path = SWAlertViewController.swift; sourceTree = "<group>"; };
		F2978B79219076BF0052693F /* SWImagePickerManager.swift */ = {isa = PBXFileReference; fileEncoding = 4; lastKnownFileType = sourcecode.swift; path = SWImagePickerManager.swift; sourceTree = "<group>"; };
		F2978B7A219076BF0052693F /* SWPhotosManager.swift */ = {isa = PBXFileReference; fileEncoding = 4; lastKnownFileType = sourcecode.swift; path = SWPhotosManager.swift; sourceTree = "<group>"; };
		F2978B7B219076BF0052693F /* SWView.swift */ = {isa = PBXFileReference; fileEncoding = 4; lastKnownFileType = sourcecode.swift; path = SWView.swift; sourceTree = "<group>"; };
		F2978BA921907CA80052693F /* UIButton+ClosureButton.swift */ = {isa = PBXFileReference; fileEncoding = 4; lastKnownFileType = sourcecode.swift; path = "UIButton+ClosureButton.swift"; sourceTree = "<group>"; };
		F2978BAA21907CA80052693F /* UIColor+cmColor.swift */ = {isa = PBXFileReference; fileEncoding = 4; lastKnownFileType = sourcecode.swift; path = "UIColor+cmColor.swift"; sourceTree = "<group>"; };
		F2978BAB21907CA80052693F /* UIImage+getImage.h */ = {isa = PBXFileReference; fileEncoding = 4; lastKnownFileType = sourcecode.c.h; path = "UIImage+getImage.h"; sourceTree = "<group>"; };
		F2978BAC21907CA80052693F /* SWTapRecognizer.swift */ = {isa = PBXFileReference; fileEncoding = 4; lastKnownFileType = sourcecode.swift; path = SWTapRecognizer.swift; sourceTree = "<group>"; };
		F2978BAD21907CA80052693F /* String+filtrationString.swift */ = {isa = PBXFileReference; fileEncoding = 4; lastKnownFileType = sourcecode.swift; path = "String+filtrationString.swift"; sourceTree = "<group>"; };
		F2978BAE21907CA80052693F /* NSDate+DateToString.swift */ = {isa = PBXFileReference; fileEncoding = 4; lastKnownFileType = sourcecode.swift; path = "NSDate+DateToString.swift"; sourceTree = "<group>"; };
		F2978BAF21907CA80052693F /* UIImage+getImage.m */ = {isa = PBXFileReference; fileEncoding = 4; lastKnownFileType = sourcecode.c.objc; path = "UIImage+getImage.m"; sourceTree = "<group>"; };
		F2978BB021907CA80052693F /* UILabel+Layer.swift */ = {isa = PBXFileReference; fileEncoding = 4; lastKnownFileType = sourcecode.swift; path = "UILabel+Layer.swift"; sourceTree = "<group>"; };
		F2978BB92190801F0052693F /* SWGlobalIdentifier.swift */ = {isa = PBXFileReference; fileEncoding = 4; lastKnownFileType = sourcecode.swift; path = SWGlobalIdentifier.swift; sourceTree = "<group>"; };
		F2978BBA2190801F0052693F /* BaseTabBarController.swift */ = {isa = PBXFileReference; fileEncoding = 4; lastKnownFileType = sourcecode.swift; path = BaseTabBarController.swift; sourceTree = "<group>"; };
		F2978BBB2190801F0052693F /* BaseViewController.swift */ = {isa = PBXFileReference; fileEncoding = 4; lastKnownFileType = sourcecode.swift; path = BaseViewController.swift; sourceTree = "<group>"; };
		F2978BBC2190801F0052693F /* HouseRent_Header.h */ = {isa = PBXFileReference; fileEncoding = 4; lastKnownFileType = sourcecode.c.h; path = HouseRent_Header.h; sourceTree = "<group>"; };
		F2978BBD2190801F0052693F /* FilePath.swift */ = {isa = PBXFileReference; fileEncoding = 4; lastKnownFileType = sourcecode.swift; path = FilePath.swift; sourceTree = "<group>"; };
		F2978BBE2190801F0052693F /* BaseNavigationController.swift */ = {isa = PBXFileReference; fileEncoding = 4; lastKnownFileType = sourcecode.swift; path = BaseNavigationController.swift; sourceTree = "<group>"; };
/* End PBXFileReference section */

/* Begin PBXFrameworksBuildPhase section */
		F2277FF02188AF4E0049CF62 /* Frameworks */ = {
			isa = PBXFrameworksBuildPhase;
			buildActionMask = 2147483647;
			files = (
				F914EBAB7B60C43E081B37AC /* Pods_SketchCollage.framework in Frameworks */,
			);
			runOnlyForDeploymentPostprocessing = 0;
		};
		F22780072188AF510049CF62 /* Frameworks */ = {
			isa = PBXFrameworksBuildPhase;
			buildActionMask = 2147483647;
			files = (
			);
			runOnlyForDeploymentPostprocessing = 0;
		};
		F22780122188AF510049CF62 /* Frameworks */ = {
			isa = PBXFrameworksBuildPhase;
			buildActionMask = 2147483647;
			files = (
			);
			runOnlyForDeploymentPostprocessing = 0;
		};
/* End PBXFrameworksBuildPhase section */

/* Begin PBXGroup section */
		D0F6D2B8C1464A3650107EF5 /* Frameworks */ = {
			isa = PBXGroup;
			children = (
				A0DAC5FE58ED867272283FA5 /* Pods_SketchCollage.framework */,
			);
			name = Frameworks;
			sourceTree = "<group>";
		};
		D696FD5324713A0F30F83B92 /* Pods */ = {
			isa = PBXGroup;
			children = (
				D263ECEB7CDCAA4BBFED4A62 /* Pods-SketchCollage.debug.xcconfig */,
				9EA9541381BAF0949CAA019A /* Pods-SketchCollage.release.xcconfig */,
			);
			name = Pods;
			sourceTree = "<group>";
		};
		F2277FEA2188AF4D0049CF62 = {
			isa = PBXGroup;
			children = (
				F2277FF52188AF4E0049CF62 /* SketchCollage */,
				F227800D2188AF510049CF62 /* SketchCollageTests */,
				F22780182188AF510049CF62 /* SketchCollageUITests */,
				F2277FF42188AF4E0049CF62 /* Products */,
				D696FD5324713A0F30F83B92 /* Pods */,
				D0F6D2B8C1464A3650107EF5 /* Frameworks */,
			);
			sourceTree = "<group>";
		};
		F2277FF42188AF4E0049CF62 /* Products */ = {
			isa = PBXGroup;
			children = (
				F2277FF32188AF4E0049CF62 /* SketchCollage.app */,
				F227800A2188AF510049CF62 /* SketchCollageTests.xctest */,
				F22780152188AF510049CF62 /* SketchCollageUITests.xctest */,
			);
			name = Products;
			sourceTree = "<group>";
		};
		F2277FF52188AF4E0049CF62 /* SketchCollage */ = {
			isa = PBXGroup;
			children = (
				F2277FF62188AF4E0049CF62 /* AppDelegate.swift */,
				F2277FF82188AF4E0049CF62 /* ViewController.swift */,
				F22780272188B0E30049CF62 /* HomeViewController.swift */,
				F227802D2188C2830049CF62 /* Home */,
				F22780292188B1F10049CF62 /* Config */,
				F2978BB82190801F0052693F /* Configration */,
				F2978BA821907CA80052693F /* Extension(延展) */,
				F2978B46219076BF0052693F /* Manager */,
				F2277FFA2188AF4E0049CF62 /* Main.storyboard */,
				F22780002188AF510049CF62 /* Assets.xcassets */,
				F22780022188AF510049CF62 /* LaunchScreen.storyboard */,
				F22780052188AF510049CF62 /* Info.plist */,
				F2277FFD2188AF4E0049CF62 /* SketchCollage.xcdatamodeld */,
			);
			path = SketchCollage;
			sourceTree = "<group>";
		};
		F227800D2188AF510049CF62 /* SketchCollageTests */ = {
			isa = PBXGroup;
			children = (
				F227800E2188AF510049CF62 /* SketchCollageTests.swift */,
				F22780102188AF510049CF62 /* Info.plist */,
			);
			path = SketchCollageTests;
			sourceTree = "<group>";
		};
		F22780182188AF510049CF62 /* SketchCollageUITests */ = {
			isa = PBXGroup;
			children = (
				F22780192188AF510049CF62 /* SketchCollageUITests.swift */,
				F227801B2188AF510049CF62 /* Info.plist */,
			);
			path = SketchCollageUITests;
			sourceTree = "<group>";
		};
		F22780292188B1F10049CF62 /* Config */ = {
			isa = PBXGroup;
			children = (
				F227802A2188B1FF0049CF62 /* Theme.swift */,
				F2978B44218F28920052693F /* APIManager.swift */,
				F227802C2188B7470049CF62 /* SketchCollage-Header.h */,
			);
			path = Config;
			sourceTree = "<group>";
		};
		F227802D2188C2830049CF62 /* Home */ = {
			isa = PBXGroup;
			children = (
				F227802F2188C2830049CF62 /* vc */,
				F22780312188C2830049CF62 /* view */,
				F227802E2188C2830049CF62 /* presenter */,
				F22780302188C2830049CF62 /* model */,
			);
			path = Home;
			sourceTree = "<group>";
		};
		F227802E2188C2830049CF62 /* presenter */ = {
			isa = PBXGroup;
			children = (
				F22780362188C2DB0049CF62 /* HotKeysPresenter.swift */,
			);
			path = presenter;
			sourceTree = "<group>";
		};
		F227802F2188C2830049CF62 /* vc */ = {
			isa = PBXGroup;
			children = (
				F22780322188C2BC0049CF62 /* HotKeysViewController.swift */,
			);
			path = vc;
			sourceTree = "<group>";
		};
		F22780302188C2830049CF62 /* model */ = {
			isa = PBXGroup;
			children = (
				F22780382188C2E90049CF62 /* HotKeysModel.swift */,
			);
			path = model;
			sourceTree = "<group>";
		};
		F22780312188C2830049CF62 /* view */ = {
			isa = PBXGroup;
			children = (
				F22780342188C2CD0049CF62 /* HotKeysView.swift */,
				F227803A2188CD8C0049CF62 /* HotKeysCell.swift */,
				F227803B2188CD8C0049CF62 /* HotKeysCell.xib */,
			);
			path = view;
			sourceTree = "<group>";
		};
		F2978B46219076BF0052693F /* Manager */ = {
			isa = PBXGroup;
			children = (
				F2978B78219076BF0052693F /* Photos */,
				F2978B62219076BF0052693F /* SWComment */,
				F2978B5A219076BF0052693F /* PopUps */,
				F2978B4C219076BF0052693F /* StarView */,
				F2978B47219076BF0052693F /* SWGlobalStruct.swift */,
				F2978B59219076BF0052693F /* SWGlobalConfig.swift */,
				F2978B76219076BF0052693F /* SWGlobalTypealias.swift */,
				F2978B4B219076BF0052693F /* SWTimerManager.swift */,
				F2978B48219076BF0052693F /* SWMultiButtonView.swift */,
				F2978B49219076BF0052693F /* SWGridView.swift */,
				F2978B4A219076BF0052693F /* SWButton.swift */,
				F2978B4F219076BF0052693F /* UIImage+Extension.swift */,
				F2978B50219076BF0052693F /* SWWebUrl.swift */,
				F2978B51219076BF0052693F /* SWPlayerMaskView.swift */,
				F2978B52219076BF0052693F /* SWCellReuseIdentifier.swift */,
				F2978B53219076BF0052693F /* SWProtocols.swift */,
				F2978B54219076BF0052693F /* SWBaseControls.swift */,
				F2978B55219076BF0052693F /* UIViewController+Extension.swift */,
				F2978B56219076BF0052693F /* SWString.swift */,
				F2978B57219076BF0052693F /* SWTipButton.swift */,
				F2978B58219076BF0052693F /* SWDeviceModelManager.swift */,
				F2978B5F219076BF0052693F /* SWLabel.swift */,
				F2978B60219076BF0052693F /* SWFlowLayoutButtonView.swift */,
				F2978B61219076BF0052693F /* SWFormatValidManager.swift */,
				F2978B77219076BF0052693F /* SWAlertViewController.swift */,
				F2978B7B219076BF0052693F /* SWView.swift */,
			);
			path = Manager;
			sourceTree = "<group>";
		};
		F2978B4C219076BF0052693F /* StarView */ = {
			isa = PBXGroup;
			children = (
				F2978B4E219076BF0052693F /* EvaluateStarView.swift */,
				F2978B4D219076BF0052693F /* EvaluateStarView.xib */,
			);
			path = StarView;
			sourceTree = "<group>";
		};
		F2978B5A219076BF0052693F /* PopUps */ = {
			isa = PBXGroup;
			children = (
				F2978B5B219076BF0052693F /* SWPopUpsSucceedView.xib */,
				F2978B5C219076BF0052693F /* SWPopUpsContainerViewController.swift */,
				F2978B5D219076BF0052693F /* SWPopUpsSucceedView.swift */,
				F2978B5E219076BF0052693F /* SWPopUpsContainerViewController.storyboard */,
			);
			path = PopUps;
			sourceTree = "<group>";
		};
		F2978B62219076BF0052693F /* SWComment */ = {
			isa = PBXGroup;
			children = (
				F2978B63219076BF0052693F /* SWUploadImageModel.swift */,
				F2978B64219076BF0052693F /* SWCommentPresenter.swift */,
				F2978B65219076BF0052693F /* GWLPhotoSelector */,
				F2978B6E219076BF0052693F /* SWTextViewCell.xib */,
				F2978B6F219076BF0052693F /* SWImagesTableCell.swift */,
				F2978B70219076BF0052693F /* SWTextViewCell.swift */,
				F2978B71219076BF0052693F /* SWCommentTitleCell.swift */,
				F2978B72219076BF0052693F /* SWCommentViewController.swift */,
				F2978B73219076BF0052693F /* SWCommentView.swift */,
				F2978B74219076BF0052693F /* SWCommentTitleCell.xib */,
				F2978B75219076BF0052693F /* SWImagesTableCell.xib */,
			);
			path = SWComment;
			sourceTree = "<group>";
		};
		F2978B65219076BF0052693F /* GWLPhotoSelector */ = {
			isa = PBXGroup;
			children = (
				F2978B66219076BF0052693F /* GWLPhotoLibrayController.m */,
				F2978B67219076BF0052693F /* GWLPhotoGroupTableViewController.h */,
				F2978B68219076BF0052693F /* GWLPhotoGroupDetailController.h */,
				F2978B69219076BF0052693F /* GWLPhotoGroupTableViewController.m */,
				F2978B6A219076BF0052693F /* GWLPhotoLibrayController.h */,
				F2978B6B219076BF0052693F /* GWLPhotoSelectorHeader.h */,
				F2978B6C219076BF0052693F /* GWLPhotoSelector.bundle */,
				F2978B6D219076BF0052693F /* GWLPhotoGroupDetailController.m */,
			);
			path = GWLPhotoSelector;
			sourceTree = "<group>";
		};
		F2978B78219076BF0052693F /* Photos */ = {
			isa = PBXGroup;
			children = (
				F2978B79219076BF0052693F /* SWImagePickerManager.swift */,
				F2978B7A219076BF0052693F /* SWPhotosManager.swift */,
			);
			path = Photos;
			sourceTree = "<group>";
		};
		F2978BA821907CA80052693F /* Extension(延展) */ = {
			isa = PBXGroup;
			children = (
				F2978BA921907CA80052693F /* UIButton+ClosureButton.swift */,
				F2978BAA21907CA80052693F /* UIColor+cmColor.swift */,
				F2978BAB21907CA80052693F /* UIImage+getImage.h */,
				F2978BAC21907CA80052693F /* SWTapRecognizer.swift */,
				F2978BAD21907CA80052693F /* String+filtrationString.swift */,
				F2978BAE21907CA80052693F /* NSDate+DateToString.swift */,
				F2978BAF21907CA80052693F /* UIImage+getImage.m */,
				F2978BB021907CA80052693F /* UILabel+Layer.swift */,
			);
			path = "Extension(延展)";
			sourceTree = "<group>";
		};
		F2978BB82190801F0052693F /* Configration */ = {
			isa = PBXGroup;
			children = (
				F2978BB92190801F0052693F /* SWGlobalIdentifier.swift */,
				F2978BBA2190801F0052693F /* BaseTabBarController.swift */,
				F2978BBB2190801F0052693F /* BaseViewController.swift */,
				F2978BBC2190801F0052693F /* HouseRent_Header.h */,
				F2978BBD2190801F0052693F /* FilePath.swift */,
				F2978BBE2190801F0052693F /* BaseNavigationController.swift */,
			);
			name = Configration;
			path = "Config(配置)";
			sourceTree = "<group>";
		};
/* End PBXGroup section */

/* Begin PBXNativeTarget section */
		F2277FF22188AF4E0049CF62 /* SketchCollage */ = {
			isa = PBXNativeTarget;
			buildConfigurationList = F227801E2188AF510049CF62 /* Build configuration list for PBXNativeTarget "SketchCollage" */;
			buildPhases = (
				56FCF6A169A14DE6FACD035F /* [CP] Check Pods Manifest.lock */,
				F2277FEF2188AF4E0049CF62 /* Sources */,
				F2277FF02188AF4E0049CF62 /* Frameworks */,
				F2277FF12188AF4E0049CF62 /* Resources */,
				E686171A4AA88EE456E965E4 /* [CP] Embed Pods Frameworks */,
			);
			buildRules = (
			);
			dependencies = (
			);
			name = SketchCollage;
			productName = SketchCollage;
			productReference = F2277FF32188AF4E0049CF62 /* SketchCollage.app */;
			productType = "com.apple.product-type.application";
		};
		F22780092188AF510049CF62 /* SketchCollageTests */ = {
			isa = PBXNativeTarget;
			buildConfigurationList = F22780212188AF510049CF62 /* Build configuration list for PBXNativeTarget "SketchCollageTests" */;
			buildPhases = (
				F22780062188AF510049CF62 /* Sources */,
				F22780072188AF510049CF62 /* Frameworks */,
				F22780082188AF510049CF62 /* Resources */,
			);
			buildRules = (
			);
			dependencies = (
				F227800C2188AF510049CF62 /* PBXTargetDependency */,
			);
			name = SketchCollageTests;
			productName = SketchCollageTests;
			productReference = F227800A2188AF510049CF62 /* SketchCollageTests.xctest */;
			productType = "com.apple.product-type.bundle.unit-test";
		};
		F22780142188AF510049CF62 /* SketchCollageUITests */ = {
			isa = PBXNativeTarget;
			buildConfigurationList = F22780242188AF510049CF62 /* Build configuration list for PBXNativeTarget "SketchCollageUITests" */;
			buildPhases = (
				F22780112188AF510049CF62 /* Sources */,
				F22780122188AF510049CF62 /* Frameworks */,
				F22780132188AF510049CF62 /* Resources */,
			);
			buildRules = (
			);
			dependencies = (
				F22780172188AF510049CF62 /* PBXTargetDependency */,
			);
			name = SketchCollageUITests;
			productName = SketchCollageUITests;
			productReference = F22780152188AF510049CF62 /* SketchCollageUITests.xctest */;
			productType = "com.apple.product-type.bundle.ui-testing";
		};
/* End PBXNativeTarget section */

/* Begin PBXProject section */
		F2277FEB2188AF4D0049CF62 /* Project object */ = {
			isa = PBXProject;
			attributes = {
				LastSwiftUpdateCheck = 1000;
				LastUpgradeCheck = 1000;
				ORGANIZATIONNAME = lhl;
				TargetAttributes = {
					F2277FF22188AF4E0049CF62 = {
						CreatedOnToolsVersion = 10.0;
					};
					F22780092188AF510049CF62 = {
						CreatedOnToolsVersion = 10.0;
						TestTargetID = F2277FF22188AF4E0049CF62;
					};
					F22780142188AF510049CF62 = {
						CreatedOnToolsVersion = 10.0;
						TestTargetID = F2277FF22188AF4E0049CF62;
					};
				};
			};
			buildConfigurationList = F2277FEE2188AF4D0049CF62 /* Build configuration list for PBXProject "SketchCollage" */;
			compatibilityVersion = "Xcode 9.3";
			developmentRegion = en;
			hasScannedForEncodings = 0;
			knownRegions = (
				en,
				Base,
			);
			mainGroup = F2277FEA2188AF4D0049CF62;
			productRefGroup = F2277FF42188AF4E0049CF62 /* Products */;
			projectDirPath = "";
			projectRoot = "";
			targets = (
				F2277FF22188AF4E0049CF62 /* SketchCollage */,
				F22780092188AF510049CF62 /* SketchCollageTests */,
				F22780142188AF510049CF62 /* SketchCollageUITests */,
			);
		};
/* End PBXProject section */

/* Begin PBXResourcesBuildPhase section */
		F2277FF12188AF4E0049CF62 /* Resources */ = {
			isa = PBXResourcesBuildPhase;
			buildActionMask = 2147483647;
			files = (
				F22780042188AF510049CF62 /* LaunchScreen.storyboard in Resources */,
				F2978BA2219076BF0052693F /* SWImagesTableCell.xib in Resources */,
				F22780012188AF510049CF62 /* Assets.xcassets in Resources */,
				F2978B8E219076BF0052693F /* SWPopUpsSucceedView.xib in Resources */,
				F2277FFC2188AF4E0049CF62 /* Main.storyboard in Resources */,
				F2978BA1219076BF0052693F /* SWCommentTitleCell.xib in Resources */,
				F2978B99219076BF0052693F /* GWLPhotoSelector.bundle in Resources */,
				F2978B91219076BF0052693F /* SWPopUpsContainerViewController.storyboard in Resources */,
				F2978B9B219076BF0052693F /* SWTextViewCell.xib in Resources */,
				F2978B81219076BF0052693F /* EvaluateStarView.xib in Resources */,
				F227803D2188CD8C0049CF62 /* HotKeysCell.xib in Resources */,
			);
			runOnlyForDeploymentPostprocessing = 0;
		};
		F22780082188AF510049CF62 /* Resources */ = {
			isa = PBXResourcesBuildPhase;
			buildActionMask = 2147483647;
			files = (
			);
			runOnlyForDeploymentPostprocessing = 0;
		};
		F22780132188AF510049CF62 /* Resources */ = {
			isa = PBXResourcesBuildPhase;
			buildActionMask = 2147483647;
			files = (
			);
			runOnlyForDeploymentPostprocessing = 0;
		};
/* End PBXResourcesBuildPhase section */

/* Begin PBXShellScriptBuildPhase section */
		56FCF6A169A14DE6FACD035F /* [CP] Check Pods Manifest.lock */ = {
			isa = PBXShellScriptBuildPhase;
			buildActionMask = 2147483647;
			files = (
			);
			inputPaths = (
				"${PODS_PODFILE_DIR_PATH}/Podfile.lock",
				"${PODS_ROOT}/Manifest.lock",
			);
			name = "[CP] Check Pods Manifest.lock";
			outputPaths = (
				"$(DERIVED_FILE_DIR)/Pods-SketchCollage-checkManifestLockResult.txt",
			);
			runOnlyForDeploymentPostprocessing = 0;
			shellPath = /bin/sh;
			shellScript = "diff \"${PODS_PODFILE_DIR_PATH}/Podfile.lock\" \"${PODS_ROOT}/Manifest.lock\" > /dev/null\nif [ $? != 0 ] ; then\n    # print error to STDERR\n    echo \"error: The sandbox is not in sync with the Podfile.lock. Run 'pod install' or update your CocoaPods installation.\" >&2\n    exit 1\nfi\n# This output is used by Xcode 'outputs' to avoid re-running this script phase.\necho \"SUCCESS\" > \"${SCRIPT_OUTPUT_FILE_0}\"\n";
			showEnvVarsInLog = 0;
		};
		E686171A4AA88EE456E965E4 /* [CP] Embed Pods Frameworks */ = {
			isa = PBXShellScriptBuildPhase;
			buildActionMask = 2147483647;
			files = (
			);
			inputPaths = (
				"${SRCROOT}/Pods/Target Support Files/Pods-SketchCollage/Pods-SketchCollage-frameworks.sh",
				"${BUILT_PRODUCTS_DIR}/Alamofire/Alamofire.framework",
				"${BUILT_PRODUCTS_DIR}/Kingfisher/Kingfisher.framework",
				"${BUILT_PRODUCTS_DIR}/MJRefresh/MJRefresh.framework",
				"${BUILT_PRODUCTS_DIR}/PKHUD/PKHUD.framework",
				"${BUILT_PRODUCTS_DIR}/PromiseKit/PromiseKit.framework",
				"${BUILT_PRODUCTS_DIR}/SKPhotoBrowser/SKPhotoBrowser.framework",
				"${BUILT_PRODUCTS_DIR}/SnapKit/SnapKit.framework",
				"${BUILT_PRODUCTS_DIR}/SwiftyJSON/SwiftyJSON.framework",
			);
			name = "[CP] Embed Pods Frameworks";
			outputPaths = (
				"${TARGET_BUILD_DIR}/${FRAMEWORKS_FOLDER_PATH}/Alamofire.framework",
				"${TARGET_BUILD_DIR}/${FRAMEWORKS_FOLDER_PATH}/Kingfisher.framework",
				"${TARGET_BUILD_DIR}/${FRAMEWORKS_FOLDER_PATH}/MJRefresh.framework",
				"${TARGET_BUILD_DIR}/${FRAMEWORKS_FOLDER_PATH}/PKHUD.framework",
				"${TARGET_BUILD_DIR}/${FRAMEWORKS_FOLDER_PATH}/PromiseKit.framework",
				"${TARGET_BUILD_DIR}/${FRAMEWORKS_FOLDER_PATH}/SKPhotoBrowser.framework",
				"${TARGET_BUILD_DIR}/${FRAMEWORKS_FOLDER_PATH}/SnapKit.framework",
				"${TARGET_BUILD_DIR}/${FRAMEWORKS_FOLDER_PATH}/SwiftyJSON.framework",
			);
			runOnlyForDeploymentPostprocessing = 0;
			shellPath = /bin/sh;
			shellScript = "\"${SRCROOT}/Pods/Target Support Files/Pods-SketchCollage/Pods-SketchCollage-frameworks.sh\"\n";
			showEnvVarsInLog = 0;
		};
/* End PBXShellScriptBuildPhase section */

/* Begin PBXSourcesBuildPhase section */
		F2277FEF2188AF4E0049CF62 /* Sources */ = {
			isa = PBXSourcesBuildPhase;
			buildActionMask = 2147483647;
			files = (
				F2978B9A219076BF0052693F /* GWLPhotoGroupDetailController.m in Sources */,
				F2978B89219076BF0052693F /* UIViewController+Extension.swift in Sources */,
				F2978BC12190801F0052693F /* BaseTabBarController.swift in Sources */,
				F2978BA4219076BF0052693F /* SWAlertViewController.swift in Sources */,
				F2978B9F219076BF0052693F /* SWCommentViewController.swift in Sources */,
				F22780372188C2DB0049CF62 /* HotKeysPresenter.swift in Sources */,
				F2978B8F219076BF0052693F /* SWPopUpsContainerViewController.swift in Sources */,
				F2978B94219076BF0052693F /* SWFormatValidManager.swift in Sources */,
				F2978BC42190801F0052693F /* BaseNavigationController.swift in Sources */,
				F2978B98219076BF0052693F /* GWLPhotoGroupTableViewController.m in Sources */,
				F2277FF92188AF4E0049CF62 /* ViewController.swift in Sources */,
				F2978BA5219076BF0052693F /* SWImagePickerManager.swift in Sources */,
				F2978B9C219076BF0052693F /* SWImagesTableCell.swift in Sources */,
				F2978B90219076BF0052693F /* SWPopUpsSucceedView.swift in Sources */,
				F2277FF72188AF4E0049CF62 /* AppDelegate.swift in Sources */,
				F2978BB521907CA80052693F /* NSDate+DateToString.swift in Sources */,
				F2978B87219076BF0052693F /* SWProtocols.swift in Sources */,
				F2978B83219076BF0052693F /* UIImage+Extension.swift in Sources */,
				F2978BA3219076BF0052693F /* SWGlobalTypealias.swift in Sources */,
				F2978BC02190801F0052693F /* SWGlobalIdentifier.swift in Sources */,
				F2978BB721907CA80052693F /* UILabel+Layer.swift in Sources */,
				F2978B92219076BF0052693F /* SWLabel.swift in Sources */,
				F2978B7D219076BF0052693F /* SWMultiButtonView.swift in Sources */,
				F2978BB321907CA80052693F /* SWTapRecognizer.swift in Sources */,
				F22780352188C2CD0049CF62 /* HotKeysView.swift in Sources */,
				F2978B97219076BF0052693F /* GWLPhotoLibrayController.m in Sources */,
				F2978B86219076BF0052693F /* SWCellReuseIdentifier.swift in Sources */,
				F2978B80219076BF0052693F /* SWTimerManager.swift in Sources */,
				F2978BB621907CA80052693F /* UIImage+getImage.m in Sources */,
				F2978B85219076BF0052693F /* SWPlayerMaskView.swift in Sources */,
				F2978B93219076BF0052693F /* SWFlowLayoutButtonView.swift in Sources */,
				F2978B88219076BF0052693F /* SWBaseControls.swift in Sources */,
				F2978B7F219076BF0052693F /* SWButton.swift in Sources */,
				F227802B2188B1FF0049CF62 /* Theme.swift in Sources */,
				F22780392188C2E90049CF62 /* HotKeysModel.swift in Sources */,
				F2978BA7219076BF0052693F /* SWView.swift in Sources */,
				F2978B96219076BF0052693F /* SWCommentPresenter.swift in Sources */,
				F2978BA6219076BF0052693F /* SWPhotosManager.swift in Sources */,
				F2277FFF2188AF4E0049CF62 /* SketchCollage.xcdatamodeld in Sources */,
				F2978B8C219076BF0052693F /* SWDeviceModelManager.swift in Sources */,
				F2978B95219076BF0052693F /* SWUploadImageModel.swift in Sources */,
				F2978B84219076BF0052693F /* SWWebUrl.swift in Sources */,
				F2978B82219076BF0052693F /* EvaluateStarView.swift in Sources */,
				F2978BB421907CA80052693F /* String+filtrationString.swift in Sources */,
				F2978BB121907CA80052693F /* UIButton+ClosureButton.swift in Sources */,
				F2978B9E219076BF0052693F /* SWCommentTitleCell.swift in Sources */,
				F2978B7E219076BF0052693F /* SWGridView.swift in Sources */,
				F2978B8D219076BF0052693F /* SWGlobalConfig.swift in Sources */,
				F2978B7C219076BF0052693F /* SWGlobalStruct.swift in Sources */,
				F2978B9D219076BF0052693F /* SWTextViewCell.swift in Sources */,
				F2978BA0219076BF0052693F /* SWCommentView.swift in Sources */,
				F2978BB221907CA80052693F /* UIColor+cmColor.swift in Sources */,
				F22780332188C2BC0049CF62 /* HotKeysViewController.swift in Sources */,
				F22780282188B0E30049CF62 /* HomeViewController.swift in Sources */,
				F2978B45218F28920052693F /* APIManager.swift in Sources */,
				F227803C2188CD8C0049CF62 /* HotKeysCell.swift in Sources */,
				F2978B8A219076BF0052693F /* SWString.swift in Sources */,
				F2978BC32190801F0052693F /* FilePath.swift in Sources */,
				F2978B8B219076BF0052693F /* SWTipButton.swift in Sources */,
				F2978BC22190801F0052693F /* BaseViewController.swift in Sources */,
			);
			runOnlyForDeploymentPostprocessing = 0;
		};
		F22780062188AF510049CF62 /* Sources */ = {
			isa = PBXSourcesBuildPhase;
			buildActionMask = 2147483647;
			files = (
				F227800F2188AF510049CF62 /* SketchCollageTests.swift in Sources */,
			);
			runOnlyForDeploymentPostprocessing = 0;
		};
		F22780112188AF510049CF62 /* Sources */ = {
			isa = PBXSourcesBuildPhase;
			buildActionMask = 2147483647;
			files = (
				F227801A2188AF510049CF62 /* SketchCollageUITests.swift in Sources */,
			);
			runOnlyForDeploymentPostprocessing = 0;
		};
/* End PBXSourcesBuildPhase section */

/* Begin PBXTargetDependency section */
		F227800C2188AF510049CF62 /* PBXTargetDependency */ = {
			isa = PBXTargetDependency;
			target = F2277FF22188AF4E0049CF62 /* SketchCollage */;
			targetProxy = F227800B2188AF510049CF62 /* PBXContainerItemProxy */;
		};
		F22780172188AF510049CF62 /* PBXTargetDependency */ = {
			isa = PBXTargetDependency;
			target = F2277FF22188AF4E0049CF62 /* SketchCollage */;
			targetProxy = F22780162188AF510049CF62 /* PBXContainerItemProxy */;
		};
/* End PBXTargetDependency section */

/* Begin PBXVariantGroup section */
		F2277FFA2188AF4E0049CF62 /* Main.storyboard */ = {
			isa = PBXVariantGroup;
			children = (
				F2277FFB2188AF4E0049CF62 /* Base */,
			);
			name = Main.storyboard;
			sourceTree = "<group>";
		};
		F22780022188AF510049CF62 /* LaunchScreen.storyboard */ = {
			isa = PBXVariantGroup;
			children = (
				F22780032188AF510049CF62 /* Base */,
			);
			name = LaunchScreen.storyboard;
			sourceTree = "<group>";
		};
/* End PBXVariantGroup section */

/* Begin XCBuildConfiguration section */
		F227801C2188AF510049CF62 /* Debug */ = {
			isa = XCBuildConfiguration;
			buildSettings = {
				ALWAYS_SEARCH_USER_PATHS = NO;
				CLANG_ANALYZER_NONNULL = YES;
				CLANG_ANALYZER_NUMBER_OBJECT_CONVERSION = YES_AGGRESSIVE;
				CLANG_CXX_LANGUAGE_STANDARD = "gnu++14";
				CLANG_CXX_LIBRARY = "libc++";
				CLANG_ENABLE_MODULES = YES;
				CLANG_ENABLE_OBJC_ARC = YES;
				CLANG_ENABLE_OBJC_WEAK = YES;
				CLANG_WARN_BLOCK_CAPTURE_AUTORELEASING = YES;
				CLANG_WARN_BOOL_CONVERSION = YES;
				CLANG_WARN_COMMA = YES;
				CLANG_WARN_CONSTANT_CONVERSION = YES;
				CLANG_WARN_DEPRECATED_OBJC_IMPLEMENTATIONS = YES;
				CLANG_WARN_DIRECT_OBJC_ISA_USAGE = YES_ERROR;
				CLANG_WARN_DOCUMENTATION_COMMENTS = YES;
				CLANG_WARN_EMPTY_BODY = YES;
				CLANG_WARN_ENUM_CONVERSION = YES;
				CLANG_WARN_INFINITE_RECURSION = YES;
				CLANG_WARN_INT_CONVERSION = YES;
				CLANG_WARN_NON_LITERAL_NULL_CONVERSION = YES;
				CLANG_WARN_OBJC_IMPLICIT_RETAIN_SELF = YES;
				CLANG_WARN_OBJC_LITERAL_CONVERSION = YES;
				CLANG_WARN_OBJC_ROOT_CLASS = YES_ERROR;
				CLANG_WARN_RANGE_LOOP_ANALYSIS = YES;
				CLANG_WARN_STRICT_PROTOTYPES = YES;
				CLANG_WARN_SUSPICIOUS_MOVE = YES;
				CLANG_WARN_UNGUARDED_AVAILABILITY = YES_AGGRESSIVE;
				CLANG_WARN_UNREACHABLE_CODE = YES;
				CLANG_WARN__DUPLICATE_METHOD_MATCH = YES;
				CODE_SIGN_IDENTITY = "iPhone Developer";
				COPY_PHASE_STRIP = NO;
				DEBUG_INFORMATION_FORMAT = dwarf;
				ENABLE_STRICT_OBJC_MSGSEND = YES;
				ENABLE_TESTABILITY = YES;
				GCC_C_LANGUAGE_STANDARD = gnu11;
				GCC_DYNAMIC_NO_PIC = NO;
				GCC_NO_COMMON_BLOCKS = YES;
				GCC_OPTIMIZATION_LEVEL = 0;
				GCC_PREPROCESSOR_DEFINITIONS = (
					"DEBUG=1",
					"$(inherited)",
				);
				GCC_WARN_64_TO_32_BIT_CONVERSION = YES;
				GCC_WARN_ABOUT_RETURN_TYPE = YES_ERROR;
				GCC_WARN_UNDECLARED_SELECTOR = YES;
				GCC_WARN_UNINITIALIZED_AUTOS = YES_AGGRESSIVE;
				GCC_WARN_UNUSED_FUNCTION = YES;
				GCC_WARN_UNUSED_VARIABLE = YES;
				IPHONEOS_DEPLOYMENT_TARGET = 12.0;
				MTL_ENABLE_DEBUG_INFO = INCLUDE_SOURCE;
				MTL_FAST_MATH = YES;
				ONLY_ACTIVE_ARCH = YES;
				SDKROOT = iphoneos;
				SWIFT_ACTIVE_COMPILATION_CONDITIONS = DEBUG;
				SWIFT_OPTIMIZATION_LEVEL = "-Onone";
			};
			name = Debug;
		};
		F227801D2188AF510049CF62 /* Release */ = {
			isa = XCBuildConfiguration;
			buildSettings = {
				ALWAYS_SEARCH_USER_PATHS = NO;
				CLANG_ANALYZER_NONNULL = YES;
				CLANG_ANALYZER_NUMBER_OBJECT_CONVERSION = YES_AGGRESSIVE;
				CLANG_CXX_LANGUAGE_STANDARD = "gnu++14";
				CLANG_CXX_LIBRARY = "libc++";
				CLANG_ENABLE_MODULES = YES;
				CLANG_ENABLE_OBJC_ARC = YES;
				CLANG_ENABLE_OBJC_WEAK = YES;
				CLANG_WARN_BLOCK_CAPTURE_AUTORELEASING = YES;
				CLANG_WARN_BOOL_CONVERSION = YES;
				CLANG_WARN_COMMA = YES;
				CLANG_WARN_CONSTANT_CONVERSION = YES;
				CLANG_WARN_DEPRECATED_OBJC_IMPLEMENTATIONS = YES;
				CLANG_WARN_DIRECT_OBJC_ISA_USAGE = YES_ERROR;
				CLANG_WARN_DOCUMENTATION_COMMENTS = YES;
				CLANG_WARN_EMPTY_BODY = YES;
				CLANG_WARN_ENUM_CONVERSION = YES;
				CLANG_WARN_INFINITE_RECURSION = YES;
				CLANG_WARN_INT_CONVERSION = YES;
				CLANG_WARN_NON_LITERAL_NULL_CONVERSION = YES;
				CLANG_WARN_OBJC_IMPLICIT_RETAIN_SELF = YES;
				CLANG_WARN_OBJC_LITERAL_CONVERSION = YES;
				CLANG_WARN_OBJC_ROOT_CLASS = YES_ERROR;
				CLANG_WARN_RANGE_LOOP_ANALYSIS = YES;
				CLANG_WARN_STRICT_PROTOTYPES = YES;
				CLANG_WARN_SUSPICIOUS_MOVE = YES;
				CLANG_WARN_UNGUARDED_AVAILABILITY = YES_AGGRESSIVE;
				CLANG_WARN_UNREACHABLE_CODE = YES;
				CLANG_WARN__DUPLICATE_METHOD_MATCH = YES;
				CODE_SIGN_IDENTITY = "iPhone Developer";
				COPY_PHASE_STRIP = NO;
				DEBUG_INFORMATION_FORMAT = "dwarf-with-dsym";
				ENABLE_NS_ASSERTIONS = NO;
				ENABLE_STRICT_OBJC_MSGSEND = YES;
				GCC_C_LANGUAGE_STANDARD = gnu11;
				GCC_NO_COMMON_BLOCKS = YES;
				GCC_WARN_64_TO_32_BIT_CONVERSION = YES;
				GCC_WARN_ABOUT_RETURN_TYPE = YES_ERROR;
				GCC_WARN_UNDECLARED_SELECTOR = YES;
				GCC_WARN_UNINITIALIZED_AUTOS = YES_AGGRESSIVE;
				GCC_WARN_UNUSED_FUNCTION = YES;
				GCC_WARN_UNUSED_VARIABLE = YES;
				IPHONEOS_DEPLOYMENT_TARGET = 12.0;
				MTL_ENABLE_DEBUG_INFO = NO;
				MTL_FAST_MATH = YES;
				SDKROOT = iphoneos;
				SWIFT_COMPILATION_MODE = wholemodule;
				SWIFT_OPTIMIZATION_LEVEL = "-O";
				VALIDATE_PRODUCT = YES;
			};
			name = Release;
		};
		F227801F2188AF510049CF62 /* Debug */ = {
			isa = XCBuildConfiguration;
			baseConfigurationReference = D263ECEB7CDCAA4BBFED4A62 /* Pods-SketchCollage.debug.xcconfig */;
			buildSettings = {
				ASSETCATALOG_COMPILER_APPICON_NAME = AppIcon;
				CODE_SIGN_STYLE = Automatic;
				DEVELOPMENT_TEAM = WGTAZF6C7D;
				INFOPLIST_FILE = SketchCollage/Info.plist;
				IPHONEOS_DEPLOYMENT_TARGET = 10.0;
				LD_RUNPATH_SEARCH_PATHS = (
					"$(inherited)",
					"@executable_path/Frameworks",
				);
				PRODUCT_BUNDLE_IDENTIFIER = com.lhl.SketchCollage;
				PRODUCT_NAME = "$(TARGET_NAME)";
				SWIFT_OBJC_BRIDGING_HEADER = "SketchCollage/Config/SketchCollage-Header.h";
				SWIFT_VERSION = 4.2;
				TARGETED_DEVICE_FAMILY = "1,2";
			};
			name = Debug;
		};
		F22780202188AF510049CF62 /* Release */ = {
			isa = XCBuildConfiguration;
			baseConfigurationReference = 9EA9541381BAF0949CAA019A /* Pods-SketchCollage.release.xcconfig */;
			buildSettings = {
				ASSETCATALOG_COMPILER_APPICON_NAME = AppIcon;
				CODE_SIGN_STYLE = Automatic;
				DEVELOPMENT_TEAM = WGTAZF6C7D;
				INFOPLIST_FILE = SketchCollage/Info.plist;
				IPHONEOS_DEPLOYMENT_TARGET = 10.0;
				LD_RUNPATH_SEARCH_PATHS = (
					"$(inherited)",
					"@executable_path/Frameworks",
				);
				PRODUCT_BUNDLE_IDENTIFIER = com.lhl.SketchCollage;
				PRODUCT_NAME = "$(TARGET_NAME)";
				SWIFT_OBJC_BRIDGING_HEADER = "SketchCollage/Config/SketchCollage-Header.h";
				SWIFT_VERSION = 4.2;
				TARGETED_DEVICE_FAMILY = "1,2";
			};
			name = Release;
		};
		F22780222188AF510049CF62 /* Debug */ = {
			isa = XCBuildConfiguration;
			buildSettings = {
				ALWAYS_EMBED_SWIFT_STANDARD_LIBRARIES = YES;
				BUNDLE_LOADER = "$(TEST_HOST)";
				CODE_SIGN_STYLE = Automatic;
				DEVELOPMENT_TEAM = WGTAZF6C7D;
				INFOPLIST_FILE = SketchCollageTests/Info.plist;
				LD_RUNPATH_SEARCH_PATHS = (
					"$(inherited)",
					"@executable_path/Frameworks",
					"@loader_path/Frameworks",
				);
				PRODUCT_BUNDLE_IDENTIFIER = com.lhl.SketchCollageTests;
				PRODUCT_NAME = "$(TARGET_NAME)";
				SWIFT_VERSION = 4.2;
				TARGETED_DEVICE_FAMILY = "1,2";
				TEST_HOST = "$(BUILT_PRODUCTS_DIR)/SketchCollage.app/SketchCollage";
			};
			name = Debug;
		};
		F22780232188AF510049CF62 /* Release */ = {
			isa = XCBuildConfiguration;
			buildSettings = {
				ALWAYS_EMBED_SWIFT_STANDARD_LIBRARIES = YES;
				BUNDLE_LOADER = "$(TEST_HOST)";
				CODE_SIGN_STYLE = Automatic;
				DEVELOPMENT_TEAM = WGTAZF6C7D;
				INFOPLIST_FILE = SketchCollageTests/Info.plist;
				LD_RUNPATH_SEARCH_PATHS = (
					"$(inherited)",
					"@executable_path/Frameworks",
					"@loader_path/Frameworks",
				);
				PRODUCT_BUNDLE_IDENTIFIER = com.lhl.SketchCollageTests;
				PRODUCT_NAME = "$(TARGET_NAME)";
				SWIFT_VERSION = 4.2;
				TARGETED_DEVICE_FAMILY = "1,2";
				TEST_HOST = "$(BUILT_PRODUCTS_DIR)/SketchCollage.app/SketchCollage";
			};
			name = Release;
		};
		F22780252188AF510049CF62 /* Debug */ = {
			isa = XCBuildConfiguration;
			buildSettings = {
				ALWAYS_EMBED_SWIFT_STANDARD_LIBRARIES = YES;
				CODE_SIGN_STYLE = Automatic;
				DEVELOPMENT_TEAM = WGTAZF6C7D;
				INFOPLIST_FILE = SketchCollageUITests/Info.plist;
				LD_RUNPATH_SEARCH_PATHS = (
					"$(inherited)",
					"@executable_path/Frameworks",
					"@loader_path/Frameworks",
				);
				PRODUCT_BUNDLE_IDENTIFIER = com.lhl.SketchCollageUITests;
				PRODUCT_NAME = "$(TARGET_NAME)";
				SWIFT_VERSION = 4.2;
				TARGETED_DEVICE_FAMILY = "1,2";
				TEST_TARGET_NAME = SketchCollage;
			};
			name = Debug;
		};
		F22780262188AF510049CF62 /* Release */ = {
			isa = XCBuildConfiguration;
			buildSettings = {
				ALWAYS_EMBED_SWIFT_STANDARD_LIBRARIES = YES;
				CODE_SIGN_STYLE = Automatic;
				DEVELOPMENT_TEAM = WGTAZF6C7D;
				INFOPLIST_FILE = SketchCollageUITests/Info.plist;
				LD_RUNPATH_SEARCH_PATHS = (
					"$(inherited)",
					"@executable_path/Frameworks",
					"@loader_path/Frameworks",
				);
				PRODUCT_BUNDLE_IDENTIFIER = com.lhl.SketchCollageUITests;
				PRODUCT_NAME = "$(TARGET_NAME)";
				SWIFT_VERSION = 4.2;
				TARGETED_DEVICE_FAMILY = "1,2";
				TEST_TARGET_NAME = SketchCollage;
			};
			name = Release;
		};
/* End XCBuildConfiguration section */

/* Begin XCConfigurationList section */
		F2277FEE2188AF4D0049CF62 /* Build configuration list for PBXProject "SketchCollage" */ = {
			isa = XCConfigurationList;
			buildConfigurations = (
				F227801C2188AF510049CF62 /* Debug */,
				F227801D2188AF510049CF62 /* Release */,
			);
			defaultConfigurationIsVisible = 0;
			defaultConfigurationName = Release;
		};
		F227801E2188AF510049CF62 /* Build configuration list for PBXNativeTarget "SketchCollage" */ = {
			isa = XCConfigurationList;
			buildConfigurations = (
				F227801F2188AF510049CF62 /* Debug */,
				F22780202188AF510049CF62 /* Release */,
			);
			defaultConfigurationIsVisible = 0;
			defaultConfigurationName = Release;
		};
		F22780212188AF510049CF62 /* Build configuration list for PBXNativeTarget "SketchCollageTests" */ = {
			isa = XCConfigurationList;
			buildConfigurations = (
				F22780222188AF510049CF62 /* Debug */,
				F22780232188AF510049CF62 /* Release */,
			);
			defaultConfigurationIsVisible = 0;
			defaultConfigurationName = Release;
		};
		F22780242188AF510049CF62 /* Build configuration list for PBXNativeTarget "SketchCollageUITests" */ = {
			isa = XCConfigurationList;
			buildConfigurations = (
				F22780252188AF510049CF62 /* Debug */,
				F22780262188AF510049CF62 /* Release */,
			);
			defaultConfigurationIsVisible = 0;
			defaultConfigurationName = Release;
		};
/* End XCConfigurationList section */

/* Begin XCVersionGroup section */
		F2277FFD2188AF4E0049CF62 /* SketchCollage.xcdatamodeld */ = {
			isa = XCVersionGroup;
			children = (
				F2277FFE2188AF4E0049CF62 /* SketchCollage.xcdatamodel */,
			);
			currentVersion = F2277FFE2188AF4E0049CF62 /* SketchCollage.xcdatamodel */;
			path = SketchCollage.xcdatamodeld;
			sourceTree = "<group>";
			versionGroupType = wrapper.xcdatamodel;
		};
/* End XCVersionGroup section */
	};
	rootObject = F2277FEB2188AF4D0049CF62 /* Project object */;
}
